
Microsoft Visual Studio Solution File, Format Version 12.00
# Visual Studio Version 17
VisualStudioVersion = 17.4.33103.184
MinimumVisualStudioVersion = 10.0.40219.1
Project("{FAE04EC0-301F-11D3-BF4B-00C04F79EFBC}") = "Interact", "Interact.csproj", "{9EE36108-78CA-4226-BBBE-3946533D1955}"
EndProject
Global
	GlobalSection(SolutionConfigurationPlatforms) = preSolution
		Debug|Any CPU = Debug|Any CPU
		Release|Any CPU = Release|Any CPU
	EndGlobalSection
	GlobalSection(ProjectConfigurationPlatforms) = postSolution
		{9EE36108-78CA-4226-BBBE-3946533D1955}.Debug|Any CPU.ActiveCfg = Debug|Any CPU
		{9EE36108-78CA-4226-BBBE-3946533D1955}.Debug|Any CPU.Build.0 = Debug|Any CPU
		{9EE36108-78CA-4226-BBBE-3946533D1955}.Release|Any CPU.ActiveCfg = Release|Any CPU
		{9EE36108-78CA-4226-BBBE-3946533D1955}.Release|Any CPU.Build.0 = Release|Any CPU
	EndGlobalSection
	GlobalSection(SolutionProperties) = preSolution
		HideSolutionNode = FALSE
	EndGlobalSection
	GlobalSection(ExtensibilityGlobals) = postSolution
		SolutionGuid = {2B8D5773-6AF2-4385-971D-44B3D65CFF1B}
	EndGlobalSection
EndGlobal
